
Microsoft Visual Studio Solution File, Format Version 12.00
# Visual Studio 2012
Project("{FAE04EC0-301F-11D3-BF4B-00C04F79EFBC}") = "TiempoReal", "TiempoReal\TiempoReal.csproj", "{80324834-0AAD-4E02-8CEF-A656DA5080AE}"
EndProject
Global
	GlobalSection(SolutionConfigurationPlatforms) = preSolution
		Debug|Any CPU = Debug|Any CPU
		Release|Any CPU = Release|Any CPU
	EndGlobalSection
	GlobalSection(ProjectConfigurationPlatforms) = postSolution
		{80324834-0AAD-4E02-8CEF-A656DA5080AE}.Debug|Any CPU.ActiveCfg = Debug|Any CPU
		{80324834-0AAD-4E02-8CEF-A656DA5080AE}.Debug|Any CPU.Build.0 = Debug|Any CPU
		{80324834-0AAD-4E02-8CEF-A656DA5080AE}.Release|Any CPU.ActiveCfg = Release|Any CPU
		{80324834-0AAD-4E02-8CEF-A656DA5080AE}.Release|Any CPU.Build.0 = Release|Any CPU
	EndGlobalSection
	GlobalSection(SolutionProperties) = preSolution
		HideSolutionNode = FALSE
	EndGlobalSection
EndGlobal
